
Microsoft Visual Studio Solution File, Format Version 12.00
# Visual Studio Version 16
VisualStudioVersion = 16.0.31702.278
MinimumVisualStudioVersion = 10.0.40219.1
Project("{FAE04EC0-301F-11D3-BF4B-00C04F79EFBC}") = "ExercicioExcecoes", "ExercicioExcecoes\ExercicioExcecoes.csproj", "{FF1FBC6D-67BC-41AF-97B7-BAA195AD2EDF}"
EndProject
Global
	GlobalSection(SolutionConfigurationPlatforms) = preSolution
		Debug|Any CPU = Debug|Any CPU
		Release|Any CPU = Release|Any CPU
	EndGlobalSection
	GlobalSection(ProjectConfigurationPlatforms) = postSolution
		{FF1FBC6D-67BC-41AF-97B7-BAA195AD2EDF}.Debug|Any CPU.ActiveCfg = Debug|Any CPU
		{FF1FBC6D-67BC-41AF-97B7-BAA195AD2EDF}.Debug|Any CPU.Build.0 = Debug|Any CPU
		{FF1FBC6D-67BC-41AF-97B7-BAA195AD2EDF}.Release|Any CPU.ActiveCfg = Release|Any CPU
		{FF1FBC6D-67BC-41AF-97B7-BAA195AD2EDF}.Release|Any CPU.Build.0 = Release|Any CPU
	EndGlobalSection
	GlobalSection(SolutionProperties) = preSolution
		HideSolutionNode = FALSE
	EndGlobalSection
	GlobalSection(ExtensibilityGlobals) = postSolution
		SolutionGuid = {6EA6CCA9-F443-40D3-A72F-5D3B6E46AD96}
	EndGlobalSection
EndGlobal